# This file is generated by running "yarn install" inside your project.
# Manual changes might be lost - proceed with caution!

__metadata:
  version: 8
  cacheKey: 10c0

"@google/genai@npm:^1.27.0":
  version: 1.27.0
  resolution: "@google/genai@npm:1.27.0"
  dependencies:
    google-auth-library: "npm:^10.3.0"
    ws: "npm:^8.18.0"
  peerDependencies:
    "@modelcontextprotocol/sdk": ^1.20.1
  peerDependenciesMeta:
    "@modelcontextprotocol/sdk":
      optional: true
  checksum: 10c0/959d0370a29013ccc2f45e62b389c438255a193c5e6242e4854ec1b6437f99d47cfbc41784d32c5a70e58f453f91aef1bf27ee9fcb026d0fdd8cf561634e75ee
  languageName: node
  linkType: hard

"@napi-rs/canvas-android-arm64@npm:0.1.80":
  version: 0.1.80
  resolution: "@napi-rs/canvas-android-arm64@npm:0.1.80"
  conditions: os=android & cpu=arm64
  languageName: node
  linkType: hard

"@napi-rs/canvas-darwin-arm64@npm:0.1.80":
  version: 0.1.80
  resolution: "@napi-rs/canvas-darwin-arm64@npm:0.1.80"
  conditions: os=darwin & cpu=arm64
  languageName: node
  linkType: hard

"@napi-rs/canvas-darwin-x64@npm:0.1.80":
  version: 0.1.80
  resolution: "@napi-rs/canvas-darwin-x64@npm:0.1.80"
  conditions: os=darwin & cpu=x64
  languageName: node
  linkType: hard

"@napi-rs/canvas-linux-arm-gnueabihf@npm:0.1.80":
  version: 0.1.80
  resolution: "@napi-rs/canvas-linux-arm-gnueabihf@npm:0.1.80"
  conditions: os=linux & cpu=arm
  languageName: node
  linkType: hard

"@napi-rs/canvas-linux-arm64-gnu@npm:0.1.80":
  version: 0.1.80
  resolution: "@napi-rs/canvas-linux-arm64-gnu@npm:0.1.80"
  conditions: os=linux & cpu=arm64 & libc=glibc
  languageName: node
  linkType: hard

"@napi-rs/canvas-linux-arm64-musl@npm:0.1.80":
  version: 0.1.80
  resolution: "@napi-rs/canvas-linux-arm64-musl@npm:0.1.80"
  conditions: os=linux & cpu=arm64 & libc=musl
  languageName: node
  linkType: hard

"@napi-rs/canvas-linux-riscv64-gnu@npm:0.1.80":
  version: 0.1.80
  resolution: "@napi-rs/canvas-linux-riscv64-gnu@npm:0.1.80"
  conditions: os=linux & cpu=riscv64 & libc=glibc
  languageName: node
  linkType: hard

"@napi-rs/canvas-linux-x64-gnu@npm:0.1.80":
  version: 0.1.80
  resolution: "@napi-rs/canvas-linux-x64-gnu@npm:0.1.80"
  conditions: os=linux & cpu=x64 & libc=glibc
  languageName: node
  linkType: hard

"@napi-rs/canvas-linux-x64-musl@npm:0.1.80":
  version: 0.1.80
  resolution: "@napi-rs/canvas-linux-x64-musl@npm:0.1.80"
  conditions: os=linux & cpu=x64 & libc=musl
  languageName: node
  linkType: hard

"@napi-rs/canvas-win32-x64-msvc@npm:0.1.80":
  version: 0.1.80
  resolution: "@napi-rs/canvas-win32-x64-msvc@npm:0.1.80"
  conditions: os=win32 & cpu=x64
  languageName: node
  linkType: hard

"@napi-rs/canvas@npm:0.1.80, @napi-rs/canvas@npm:^0.1.80":
  version: 0.1.80
  resolution: "@napi-rs/canvas@npm:0.1.80"
  dependencies:
    "@napi-rs/canvas-android-arm64": "npm:0.1.80"
    "@napi-rs/canvas-darwin-arm64": "npm:0.1.80"
    "@napi-rs/canvas-darwin-x64": "npm:0.1.80"
    "@napi-rs/canvas-linux-arm-gnueabihf": "npm:0.1.80"
    "@napi-rs/canvas-linux-arm64-gnu": "npm:0.1.80"
    "@napi-rs/canvas-linux-arm64-musl": "npm:0.1.80"
    "@napi-rs/canvas-linux-riscv64-gnu": "npm:0.1.80"
    "@napi-rs/canvas-linux-x64-gnu": "npm:0.1.80"
    "@napi-rs/canvas-linux-x64-musl": "npm:0.1.80"
    "@napi-rs/canvas-win32-x64-msvc": "npm:0.1.80"
  dependenciesMeta:
    "@napi-rs/canvas-android-arm64":
      optional: true
    "@napi-rs/canvas-darwin-arm64":
      optional: true
    "@napi-rs/canvas-darwin-x64":
      optional: true
    "@napi-rs/canvas-linux-arm-gnueabihf":
      optional: true
    "@napi-rs/canvas-linux-arm64-gnu":
      optional: true
    "@napi-rs/canvas-linux-arm64-musl":
      optional: true
    "@napi-rs/canvas-linux-riscv64-gnu":
      optional: true
    "@napi-rs/canvas-linux-x64-gnu":
      optional: true
    "@napi-rs/canvas-linux-x64-musl":
      optional: true
    "@napi-rs/canvas-win32-x64-msvc":
      optional: true
  checksum: 10c0/41c60ee5cb96571561a6d72a5cebc2bebbc775096ccb0fb7cc06e0665f327d9396dc30740f1466bd91a10147fc5783979570a4dde7530be9e05d88d6fa6a73ae
  languageName: node
  linkType: hard

"@tsconfig/recommended@npm:^1.0.10":
  version: 1.0.10
  resolution: "@tsconfig/recommended@npm:1.0.10"
  checksum: 10c0/402ef03da7300ea0f9f9d6e0507dcb8782c6b764c1f45b946a6c34f2bd3153571a1a85f10659606c24d1052aed699c3e32dd0da876e8f7eea577374eeeb80d17
  languageName: node
  linkType: hard

"@types/node@npm:^24.9.1":
  version: 24.9.1
  resolution: "@types/node@npm:24.9.1"
  dependencies:
    undici-types: "npm:~7.16.0"
  checksum: 10c0/c52f8168080ef9a7c3dc23d8ac6061fab5371aad89231a0f6f4c075869bc3de7e89b075b1f3e3171d9e5143d0dda1807c3dab8e32eac6d68f02e7480e7e78576
  languageName: node
  linkType: hard

"agent-base@npm:^7.1.2":
  version: 7.1.4
  resolution: "agent-base@npm:7.1.4"
  checksum: 10c0/c2c9ab7599692d594b6a161559ada307b7a624fa4c7b03e3afdb5a5e31cd0e53269115b620fcab024c5ac6a6f37fa5eb2e004f076ad30f5f7e6b8b671f7b35fe
  languageName: node
  linkType: hard

"base64-js@npm:^1.3.0":
  version: 1.5.1
  resolution: "base64-js@npm:1.5.1"
  checksum: 10c0/f23823513b63173a001030fae4f2dabe283b99a9d324ade3ad3d148e218134676f1ee8568c877cd79ec1c53158dcf2d2ba527a97c606618928ba99dd930102bf
  languageName: node
  linkType: hard

"bignumber.js@npm:^9.0.0":
  version: 9.3.1
  resolution: "bignumber.js@npm:9.3.1"
  checksum: 10c0/61342ba5fe1c10887f0ecf5be02ff6709271481aff48631f86b4d37d55a99b87ce441cfd54df3d16d10ee07ceab7e272fc0be430c657ffafbbbf7b7d631efb75
  languageName: node
  linkType: hard

"buffer-equal-constant-time@npm:^1.0.1":
  version: 1.0.1
  resolution: "buffer-equal-constant-time@npm:1.0.1"
  checksum: 10c0/fb2294e64d23c573d0dd1f1e7a466c3e978fe94a4e0f8183937912ca374619773bef8e2aceb854129d2efecbbc515bbd0cc78d2734a3e3031edb0888531bbc8e
  languageName: node
  linkType: hard

"compute-cosine-similarity@npm:^1.1.0":
  version: 1.1.0
  resolution: "compute-cosine-similarity@npm:1.1.0"
  dependencies:
    compute-dot: "npm:^1.1.0"
    compute-l2norm: "npm:^1.1.0"
    validate.io-array: "npm:^1.0.5"
    validate.io-function: "npm:^1.0.2"
  checksum: 10c0/82c5df828f0c3af2cf74e400916e904560fdbe61d740cb91f03b191f372408c439ab0afce8c053f6ca3fcf74d2f04bf0083e5b8b07fafceaaf50a6e35d191cb3
  languageName: node
  linkType: hard

"compute-dot@npm:^1.1.0":
  version: 1.1.0
  resolution: "compute-dot@npm:1.1.0"
  dependencies:
    validate.io-array: "npm:^1.0.3"
    validate.io-function: "npm:^1.0.2"
  checksum: 10c0/1e81ab6a18d9fd0fae9265e501d00fe303d1305c7370db531d38ca35e09f9ceba66bec27c42992abd2f271f104f084db93a56e7f49424f4a4aea5c8265881d93
  languageName: node
  linkType: hard

"compute-l2norm@npm:^1.1.0":
  version: 1.1.0
  resolution: "compute-l2norm@npm:1.1.0"
  dependencies:
    validate.io-array: "npm:^1.0.3"
    validate.io-function: "npm:^1.0.2"
  checksum: 10c0/af37fca05e662f221d73f41004972d95998c6927c666b95b9279466f34a06e374ae817194cbadd5c28d0e99a84526022b66f7d16e6e8e5cf9f909629ae381a93
  languageName: node
  linkType: hard

"data-uri-to-buffer@npm:^4.0.0":
  version: 4.0.1
  resolution: "data-uri-to-buffer@npm:4.0.1"
  checksum: 10c0/20a6b93107597530d71d4cb285acee17f66bcdfc03fd81040921a81252f19db27588d87fc8fc69e1950c55cfb0bf8ae40d0e5e21d907230813eb5d5a7f9eb45b
  languageName: node
  linkType: hard

"debug@npm:4":
  version: 4.4.3
  resolution: "debug@npm:4.4.3"
  dependencies:
    ms: "npm:^2.1.3"
  peerDependenciesMeta:
    supports-color:
      optional: true
  checksum: 10c0/d79136ec6c83ecbefd0f6a5593da6a9c91ec4d7ddc4b54c883d6e71ec9accb5f67a1a5e96d00a328196b5b5c86d365e98d8a3a70856aaf16b4e7b1985e67f5a6
  languageName: node
  linkType: hard

"dotenv@npm:^17.2.3":
  version: 17.2.3
  resolution: "dotenv@npm:17.2.3"
  checksum: 10c0/c884403209f713214a1b64d4d1defa4934c2aa5b0002f5a670ae298a51e3c3ad3ba79dfee2f8df49f01ae74290fcd9acdb1ab1d09c7bfb42b539036108bb2ba0
  languageName: node
  linkType: hard

"ecdsa-sig-formatter@npm:1.0.11, ecdsa-sig-formatter@npm:^1.0.11":
  version: 1.0.11
  resolution: "ecdsa-sig-formatter@npm:1.0.11"
  dependencies:
    safe-buffer: "npm:^5.0.1"
  checksum: 10c0/ebfbf19d4b8be938f4dd4a83b8788385da353d63307ede301a9252f9f7f88672e76f2191618fd8edfc2f24679236064176fab0b78131b161ee73daa37125408c
  languageName: node
  linkType: hard

"extend@npm:^3.0.2":
  version: 3.0.2
  resolution: "extend@npm:3.0.2"
  checksum: 10c0/73bf6e27406e80aa3e85b0d1c4fd987261e628064e170ca781125c0b635a3dabad5e05adbf07595ea0cf1e6c5396cacb214af933da7cbaf24fe75ff14818e8f9
  languageName: node
  linkType: hard

"fetch-blob@npm:^3.1.2, fetch-blob@npm:^3.1.4":
  version: 3.2.0
  resolution: "fetch-blob@npm:3.2.0"
  dependencies:
    node-domexception: "npm:^1.0.0"
    web-streams-polyfill: "npm:^3.0.3"
  checksum: 10c0/60054bf47bfa10fb0ba6cb7742acec2f37c1f56344f79a70bb8b1c48d77675927c720ff3191fa546410a0442c998d27ab05e9144c32d530d8a52fbe68f843b69
  languageName: node
  linkType: hard

"formdata-polyfill@npm:^4.0.10":
  version: 4.0.10
  resolution: "formdata-polyfill@npm:4.0.10"
  dependencies:
    fetch-blob: "npm:^3.1.2"
  checksum: 10c0/5392ec484f9ce0d5e0d52fb5a78e7486637d516179b0eb84d81389d7eccf9ca2f663079da56f761355c0a65792810e3b345dc24db9a8bbbcf24ef3c8c88570c6
  languageName: node
  linkType: hard

"gaxios@npm:^7.0.0":
  version: 7.1.2
  resolution: "gaxios@npm:7.1.2"
  dependencies:
    extend: "npm:^3.0.2"
    https-proxy-agent: "npm:^7.0.1"
    node-fetch: "npm:^3.3.2"
  checksum: 10c0/f08b3541766719eb622952b7c33b0af5729a3a29e1fc98eb39ec5a8949f7a8b74020729d06e323b491f5aadb16ba05b001145bd2402bd5bfd52cdc8467e268ef
  languageName: node
  linkType: hard

"gcp-metadata@npm:^8.0.0":
  version: 8.1.1
  resolution: "gcp-metadata@npm:8.1.1"
  dependencies:
    gaxios: "npm:^7.0.0"
    google-logging-utils: "npm:^1.0.0"
    json-bigint: "npm:^1.0.0"
  checksum: 10c0/6b05b0afa35d7fbdfdf22c96f03c1fe978f6c33deb59633990ac57e01cf946317ebbef967ef183c109a64886d08d4a9001ff731428245dc99b6b387b98598d89
  languageName: node
  linkType: hard

"gemini-rag@workspace:.":
  version: 0.0.0-use.local
  resolution: "gemini-rag@workspace:."
  dependencies:
    "@google/genai": "npm:^1.27.0"
    "@tsconfig/recommended": "npm:^1.0.10"
    "@types/node": "npm:^24.9.1"
    compute-cosine-similarity: "npm:^1.1.0"
    dotenv: "npm:^17.2.3"
    pdf-parse: "npm:^2.4.5"
    tiktoken: "npm:^1.0.22"
    typescript: "npm:^5.9.3"
  languageName: unknown
  linkType: soft

"google-auth-library@npm:^10.3.0":
  version: 10.4.2
  resolution: "google-auth-library@npm:10.4.2"
  dependencies:
    base64-js: "npm:^1.3.0"
    ecdsa-sig-formatter: "npm:^1.0.11"
    gaxios: "npm:^7.0.0"
    gcp-metadata: "npm:^8.0.0"
    google-logging-utils: "npm:^1.0.0"
    gtoken: "npm:^8.0.0"
    jws: "npm:^4.0.0"
  checksum: 10c0/544f16fb516f48df881a4f1dd8747e30e5c9a274af9dd4b11e5b53d2b6734ce3c4fc2bc7da4f92476babbdbba2dbba630008ff8e7fae27db9926d7186905714b
  languageName: node
  linkType: hard

"google-logging-utils@npm:^1.0.0":
  version: 1.1.1
  resolution: "google-logging-utils@npm:1.1.1"
  checksum: 10c0/a99ca790b39a4eb854310366f4583dab6d5842d2fa70b0f46de1ef23909a4baad8e6eedd8dcde0756f968131b053c5a4a6e8cb4825595f12ea6289a7ba6360df
  languageName: node
  linkType: hard

"gtoken@npm:^8.0.0":
  version: 8.0.0
  resolution: "gtoken@npm:8.0.0"
  dependencies:
    gaxios: "npm:^7.0.0"
    jws: "npm:^4.0.0"
  checksum: 10c0/058538e5bbe081d30ada5f1fd34d3a8194357c2e6ecbf7c8a98daeefbf13f7e06c15649c7dace6a1d4cc3bc6dc5483bd484d6d7adc5852021896d7c05c439f37
  languageName: node
  linkType: hard

"https-proxy-agent@npm:^7.0.1":
  version: 7.0.6
  resolution: "https-proxy-agent@npm:7.0.6"
  dependencies:
    agent-base: "npm:^7.1.2"
    debug: "npm:4"
  checksum: 10c0/f729219bc735edb621fa30e6e84e60ee5d00802b8247aac0d7b79b0bd6d4b3294737a337b93b86a0bd9e68099d031858a39260c976dc14cdbba238ba1f8779ac
  languageName: node
  linkType: hard

"json-bigint@npm:^1.0.0":
  version: 1.0.0
  resolution: "json-bigint@npm:1.0.0"
  dependencies:
    bignumber.js: "npm:^9.0.0"
  checksum: 10c0/e3f34e43be3284b573ea150a3890c92f06d54d8ded72894556357946aeed9877fd795f62f37fe16509af189fd314ab1104d0fd0f163746ad231b9f378f5b33f4
  languageName: node
  linkType: hard

"jwa@npm:^2.0.0":
  version: 2.0.1
  resolution: "jwa@npm:2.0.1"
  dependencies:
    buffer-equal-constant-time: "npm:^1.0.1"
    ecdsa-sig-formatter: "npm:1.0.11"
    safe-buffer: "npm:^5.0.1"
  checksum: 10c0/ab3ebc6598e10dc11419d4ed675c9ca714a387481466b10e8a6f3f65d8d9c9237e2826f2505280a739cf4cbcf511cb288eeec22b5c9c63286fc5a2e4f97e78cf
  languageName: node
  linkType: hard

"jws@npm:^4.0.0":
  version: 4.0.0
  resolution: "jws@npm:4.0.0"
  dependencies:
    jwa: "npm:^2.0.0"
    safe-buffer: "npm:^5.0.1"
  checksum: 10c0/f1ca77ea5451e8dc5ee219cb7053b8a4f1254a79cb22417a2e1043c1eb8a569ae118c68f24d72a589e8a3dd1824697f47d6bd4fb4bebb93a3bdf53545e721661
  languageName: node
  linkType: hard

"ms@npm:^2.1.3":
  version: 2.1.3
  resolution: "ms@npm:2.1.3"
  checksum: 10c0/d924b57e7312b3b63ad21fc5b3dc0af5e78d61a1fc7cfb5457edaf26326bf62be5307cc87ffb6862ef1c2b33b0233cdb5d4f01c4c958cc0d660948b65a287a48
  languageName: node
  linkType: hard

"node-domexception@npm:^1.0.0":
  version: 1.0.0
  resolution: "node-domexception@npm:1.0.0"
  checksum: 10c0/5e5d63cda29856402df9472335af4bb13875e1927ad3be861dc5ebde38917aecbf9ae337923777af52a48c426b70148815e890a5d72760f1b4d758cc671b1a2b
  languageName: node
  linkType: hard

"node-fetch@npm:^3.3.2":
  version: 3.3.2
  resolution: "node-fetch@npm:3.3.2"
  dependencies:
    data-uri-to-buffer: "npm:^4.0.0"
    fetch-blob: "npm:^3.1.4"
    formdata-polyfill: "npm:^4.0.10"
  checksum: 10c0/f3d5e56190562221398c9f5750198b34cf6113aa304e34ee97c94fd300ec578b25b2c2906edba922050fce983338fde0d5d34fcb0fc3336ade5bd0e429ad7538
  languageName: node
  linkType: hard

"pdf-parse@npm:^2.4.5":
  version: 2.4.5
  resolution: "pdf-parse@npm:2.4.5"
  dependencies:
    "@napi-rs/canvas": "npm:0.1.80"
    pdfjs-dist: "npm:5.4.296"
  bin:
    pdf-parse: bin/cli.mjs
  checksum: 10c0/0bf737c8405994a232e5ce11c6bd80016942cad291debcfe40afa9365e864de9f3f704ef2931e66a84512e28e8c3a9cff6537cc84d2981a39a6f0447a4389036
  languageName: node
  linkType: hard

"pdfjs-dist@npm:5.4.296":
  version: 5.4.296
  resolution: "pdfjs-dist@npm:5.4.296"
  dependencies:
    "@napi-rs/canvas": "npm:^0.1.80"
  dependenciesMeta:
    "@napi-rs/canvas":
      optional: true
  checksum: 10c0/a9e438f12771963f7c29934b4d5e58d508fa43954e4e4cbf951b040c6c89891d048e3d9d3799ed9ec6ceade677628a25f88062b300c5425777ce0b522e457532
  languageName: node
  linkType: hard

"safe-buffer@npm:^5.0.1":
  version: 5.2.1
  resolution: "safe-buffer@npm:5.2.1"
  checksum: 10c0/6501914237c0a86e9675d4e51d89ca3c21ffd6a31642efeba25ad65720bce6921c9e7e974e5be91a786b25aa058b5303285d3c15dbabf983a919f5f630d349f3
  languageName: node
  linkType: hard

"tiktoken@npm:^1.0.22":
  version: 1.0.22
  resolution: "tiktoken@npm:1.0.22"
  checksum: 10c0/4805cf957d32ee53707ea8416256b50f6b4e865fce1d36ba507bfcbf4dd31bfa69b31dbd1303ba216ae44eb680f54c46c11defa5305445ecea946f2c048fa87d
  languageName: node
  linkType: hard

"typescript@npm:^5.9.3":
  version: 5.9.3
  resolution: "typescript@npm:5.9.3"
  bin:
    tsc: bin/tsc
    tsserver: bin/tsserver
  checksum: 10c0/6bd7552ce39f97e711db5aa048f6f9995b53f1c52f7d8667c1abdc1700c68a76a308f579cd309ce6b53646deb4e9a1be7c813a93baaf0a28ccd536a30270e1c5
  languageName: node
  linkType: hard

"typescript@patch:typescript@npm%3A^5.9.3#optional!builtin<compat/typescript>":
  version: 5.9.3
  resolution: "typescript@patch:typescript@npm%3A5.9.3#optional!builtin<compat/typescript>::version=5.9.3&hash=5786d5"
  bin:
    tsc: bin/tsc
    tsserver: bin/tsserver
  checksum: 10c0/ad09fdf7a756814dce65bc60c1657b40d44451346858eea230e10f2e95a289d9183b6e32e5c11e95acc0ccc214b4f36289dcad4bf1886b0adb84d711d336a430
  languageName: node
  linkType: hard

"undici-types@npm:~7.16.0":
  version: 7.16.0
  resolution: "undici-types@npm:7.16.0"
  checksum: 10c0/3033e2f2b5c9f1504bdc5934646cb54e37ecaca0f9249c983f7b1fc2e87c6d18399ebb05dc7fd5419e02b2e915f734d872a65da2e3eeed1813951c427d33cc9a
  languageName: node
  linkType: hard

"validate.io-array@npm:^1.0.3, validate.io-array@npm:^1.0.5":
  version: 1.0.6
  resolution: "validate.io-array@npm:1.0.6"
  checksum: 10c0/ece1e93d24fe1c92f5ec5983e186f7890021c9144c2ad0e45d76695267861e9ad0362474a038a240caf3ab30f7b7595738c7f6efe9f6f0f9ae94290d23c39ef6
  languageName: node
  linkType: hard

"validate.io-function@npm:^1.0.2":
  version: 1.0.2
  resolution: "validate.io-function@npm:1.0.2"
  checksum: 10c0/210b4bbf8c71c7863df122beae76387406eb960a6540b003568dcde2bbb4baac17a2c8f0eda014f0c5d2440396e87141e62028cc8758ddc61589e3425bd26c27
  languageName: node
  linkType: hard

"web-streams-polyfill@npm:^3.0.3":
  version: 3.3.3
  resolution: "web-streams-polyfill@npm:3.3.3"
  checksum: 10c0/64e855c47f6c8330b5436147db1c75cb7e7474d924166800e8e2aab5eb6c76aac4981a84261dd2982b3e754490900b99791c80ae1407a9fa0dcff74f82ea3a7f
  languageName: node
  linkType: hard

"ws@npm:^8.18.0":
  version: 8.18.3
  resolution: "ws@npm:8.18.3"
  peerDependencies:
    bufferutil: ^4.0.1
    utf-8-validate: ">=5.0.2"
  peerDependenciesMeta:
    bufferutil:
      optional: true
    utf-8-validate:
      optional: true
  checksum: 10c0/eac918213de265ef7cb3d4ca348b891a51a520d839aa51cdb8ca93d4fa7ff9f6ccb339ccee89e4075324097f0a55157c89fa3f7147bde9d8d7e90335dc087b53
  languageName: node
  linkType: hard
